
Microsoft Visual Studio Solution File, Format Version 12.00
# Visual Studio 14
VisualStudioVersion = 14.0.23107.0
MinimumVisualStudioVersion = 10.0.40219.1
Project("{FAE04EC0-301F-11D3-BF4B-00C04F79EFBC}") = "SignDoc", "SignDoc\SignDoc.csproj", "{06F15F78-3E59-48A3-A7E8-7CC7F11FE72E}"
EndProject
Project("{54435603-DBB4-11D2-8724-00A0C9A8B90C}") = "SignDocSetup", "SignDocSetup\SignDocSetup.vdproj", "{EE3A5C79-C93A-4561-BE35-A632F023981C}"
EndProject
Project("{2150E333-8FDC-42A3-9474-1A3956D46DE8}") = "Solution Items", "Solution Items", "{942505CE-CD3C-4B9E-8313-716901008043}"
	ProjectSection(SolutionItems) = preProject
		Comandos.txt = Comandos.txt
	EndProjectSection
EndProject
Global
	GlobalSection(SolutionConfigurationPlatforms) = preSolution
		Debug|Any CPU = Debug|Any CPU
		DebugPDFCertFile|Any CPU = DebugPDFCertFile|Any CPU
		Release|Any CPU = Release|Any CPU
	EndGlobalSection
	GlobalSection(ProjectConfigurationPlatforms) = postSolution
		{06F15F78-3E59-48A3-A7E8-7CC7F11FE72E}.Debug|Any CPU.ActiveCfg = Debug|Any CPU
		{06F15F78-3E59-48A3-A7E8-7CC7F11FE72E}.Debug|Any CPU.Build.0 = Debug|Any CPU
		{06F15F78-3E59-48A3-A7E8-7CC7F11FE72E}.DebugPDFCertFile|Any CPU.ActiveCfg = DebugPDFCertFile|Any CPU
		{06F15F78-3E59-48A3-A7E8-7CC7F11FE72E}.DebugPDFCertFile|Any CPU.Build.0 = DebugPDFCertFile|Any CPU
		{06F15F78-3E59-48A3-A7E8-7CC7F11FE72E}.Release|Any CPU.ActiveCfg = Release|Any CPU
		{06F15F78-3E59-48A3-A7E8-7CC7F11FE72E}.Release|Any CPU.Build.0 = Release|Any CPU
		{EE3A5C79-C93A-4561-BE35-A632F023981C}.Debug|Any CPU.ActiveCfg = Debug
		{EE3A5C79-C93A-4561-BE35-A632F023981C}.DebugPDFCertFile|Any CPU.ActiveCfg = Debug
		{EE3A5C79-C93A-4561-BE35-A632F023981C}.Release|Any CPU.ActiveCfg = Release
	EndGlobalSection
	GlobalSection(SolutionProperties) = preSolution
		HideSolutionNode = FALSE
	EndGlobalSection
EndGlobal
